<?xml version="1.0" encoding="utf-8"?>
<Project ToolsVersion="4.0" xmlns="http://schemas.microsoft.com/developer/msbuild/2003">
  <ItemGroup>
    <Filter Include="Source Files">
      <UniqueIdentifier>{4FC737F1-C7A5-4376-A066-2A32D752A2FF}</UniqueIdentifier>
      <Extensions>cpp;c;cc;cxx;def;odl;idl;hpj;bat;asm;asmx</Extensions>
    </Filter>
    <Filter Include="Header Files">
      <UniqueIdentifier>{93995380-89BD-4b04-88EB-625FBE52EBFB}</UniqueIdentifier>
      <Extensions>h;hh;hpp;hxx;hm;inl;inc;ipp;xsd</Extensions>
    </Filter>
    <Filter Include="Resource Files">
      <UniqueIdentifier>{67DA6AB6-F800-4c08-8B7A-83BB121AAD01}</UniqueIdentifier>
      <Extensions>rc;ico;cur;bmp;dlg;rc2;rct;bin;rgs;gif;jpg;jpeg;jpe;resx;tiff;tif;png;wav;mfcribbon-ms</Extensions>
    </Filter>
    <Filter Include="Header Files\ui">
      <UniqueIdentifier>{1cb78f4b-f3c3-4e6b-81bb-18018f5ecb75}</UniqueIdentifier>
    </Filter>
    <Filter Include="Header Files\ui\view">
      <UniqueIdentifier>{0914698c-a353-435f-8d58-8fb4f11e52d7}</UniqueIdentifier>
    </Filter>
    <Filter Include="Header Files\logic">
      <UniqueIdentifier>{3c9054c5-6e5f-4cc7-9106-4fbcfe36096d}</UniqueIdentifier>
    </Filter>
    <Filter Include="Header Files\logic\api">
      <UniqueIdentifier>{7d6001b0-ea0a-4d67-88de-6c872b898e8a}</UniqueIdentifier>
    </Filter>
    <Filter Include="Source Files\ui">
      <UniqueIdentifier>{36c0ebca-beb9-422e-9c5b-ec676a415ae0}</UniqueIdentifier>
    </Filter>
    <Filter Include="Source Files\ui\view">
      <UniqueIdentifier>{2e6d1d95-2df4-4c76-8e02-c4cfa4aab291}</UniqueIdentifier>
    </Filter>
    <Filter Include="Header Files\logic\core">
      <UniqueIdentifier>{432aec4a-e690-4bff-af37-7569599d8c25}</UniqueIdentifier>
    </Filter>
    <Filter Include="Header Files\logic\core\entities">
      <UniqueIdentifier>{b60f5cef-a4e0-488a-a455-ca8cc0b3563e}</UniqueIdentifier>
    </Filter>
    <Filter Include="Source Files\logic">
      <UniqueIdentifier>{ef315e4b-8a86-4b80-91bc-589d8307dac4}</UniqueIdentifier>
    </Filter>
    <Filter Include="Source Files\logic\core">
      <UniqueIdentifier>{50873cba-da5c-4498-8392-4e5849685949}</UniqueIdentifier>
    </Filter>
    <Filter Include="Source Files\logic\core\entities">
      <UniqueIdentifier>{c6026cb0-170f-4c9f-b223-9c31dee5ffbb}</UniqueIdentifier>
    </Filter>
    <Filter Include="Header Files\ui\hud">
      <UniqueIdentifier>{657c22fe-44fc-4e30-b310-01dbdc05d5b9}</UniqueIdentifier>
    </Filter>
  </ItemGroup>
  <ItemGroup>
    <ClInclude Include="Window.h">
      <Filter>Header Files\ui\view</Filter>
    </ClInclude>
    <ClInclude Include="Renderer.h">
      <Filter>Header Files\ui\view</Filter>
    </ClInclude>
    <ClInclude Include="Game.h">
      <Filter>Header Files\logic\api</Filter>
    </ClInclude>
    <ClInclude Include="GameLogic.h">
      <Filter>Header Files\logic\core</Filter>
    </ClInclude>
    <ClInclude Include="APIFactory.h">
      <Filter>Header Files\logic\api</Filter>
    </ClInclude>
    <ClInclude Include="Definitions.h">
      <Filter>Header Files</Filter>
    </ClInclude>
    <ClInclude Include="GameObject.h">
      <Filter>Header Files\logic\core\entities</Filter>
    </ClInclude>
    <ClInclude Include="Ship.h">
      <Filter>Header Files\logic\core\entities</Filter>
    </ClInclude>
    <ClInclude Include="EntityHandler.h">
      <Filter>Header Files\logic\core</Filter>
    </ClInclude>
    <ClInclude Include="EntitySpawner.h">
      <Filter>Header Files\logic\core</Filter>
    </ClInclude>
    <ClInclude Include="Cannon.h">
      <Filter>Header Files\logic\core\entities</Filter>
    </ClInclude>
    <ClInclude Include="StationAI.h">
      <Filter>Header Files\logic\core</Filter>
    </ClInclude>
    <ClInclude Include="EntityFactory.h">
      <Filter>Header Files\logic\core</Filter>
    </ClInclude>
    <ClInclude Include="StationProjectile.h">
      <Filter>Header Files\logic\core\entities</Filter>
    </ClInclude>
    <ClInclude Include="Core.h">
      <Filter>Header Files\logic\core\entities</Filter>
    </ClInclude>
    <ClInclude Include="GameStats.h">
      <Filter>Header Files\logic\core</Filter>
    </ClInclude>
    <ClInclude Include="Enemy.h">
      <Filter>Header Files\logic\core\entities</Filter>
    </ClInclude>
    <ClInclude Include="Obstacle.h">
      <Filter>Header Files\logic\core\entities</Filter>
    </ClInclude>
    <ClInclude Include="Formation.h">
      <Filter>Header Files\logic\core\entities</Filter>
    </ClInclude>
    <ClInclude Include="Member.h">
      <Filter>Header Files\logic\core\entities</Filter>
    </ClInclude>
    <ClInclude Include="Label.h">
      <Filter>Header Files\ui\hud</Filter>
    </ClInclude>
    <ClInclude Include="Char.h">
      <Filter>Header Files\ui\hud</Filter>
    </ClInclude>
    <ClInclude Include="PlayerProjectile.h">
      <Filter>Header Files\logic\core\entities</Filter>
    </ClInclude>
  </ItemGroup>
  <ItemGroup>
    <ClCompile Include="Window.cpp">
      <Filter>Source Files\ui\view</Filter>
    </ClCompile>
    <ClCompile Include="Renderer.cpp">
      <Filter>Source Files\ui\view</Filter>
    </ClCompile>
    <ClCompile Include="Main.cpp">
      <Filter>Source Files</Filter>
    </ClCompile>
    <ClCompile Include="GameObject.cpp">
      <Filter>Source Files\logic\core\entities</Filter>
    </ClCompile>
    <ClCompile Include="GameLogic.cpp">
      <Filter>Source Files\logic\core</Filter>
    </ClCompile>
    <ClCompile Include="Ship.cpp">
      <Filter>Source Files\logic\core\entities</Filter>
    </ClCompile>
    <ClCompile Include="Connector.h">
      <Filter>Header Files\logic\core\entities</Filter>
    </ClCompile>
  </ItemGroup>
</Project>